
Microsoft Visual Studio Solution File, Format Version 12.00
# Visual Studio 14
VisualStudioVersion = 14.0.25420.1
MinimumVisualStudioVersion = 10.0.40219.1
Project("{FAE04EC0-301F-11D3-BF4B-00C04F79EFBC}") = "TrueMoney.Web", "TrueMoney.Web\TrueMoney.Web.csproj", "{118F5CE6-0E1A-4272-BB03-15578EFDD970}"
EndProject
Project("{FAE04EC0-301F-11D3-BF4B-00C04F79EFBC}") = "TrueMoney.Infrastructure", "TrueMoney.Infrastructure\TrueMoney.Infrastructure.csproj", "{839F9578-E49F-4262-BA8F-4F90B443F7B2}"
EndProject
Project("{FAE04EC0-301F-11D3-BF4B-00C04F79EFBC}") = "TrueMoney.Data", "TrueMoney.Data\TrueMoney.Data.csproj", "{DA385B71-A556-49E8-B871-F659D7640E8A}"
EndProject
Project("{FAE04EC0-301F-11D3-BF4B-00C04F79EFBC}") = "TrueMoney.Services", "TrueMoney.Services\TrueMoney.Services.csproj", "{FA74B88C-E50C-49AE-9794-870CDF8274C7}"
EndProject
Global
	GlobalSection(SolutionConfigurationPlatforms) = preSolution
		Debug|Any CPU = Debug|Any CPU
		Release|Any CPU = Release|Any CPU
	EndGlobalSection
	GlobalSection(ProjectConfigurationPlatforms) = postSolution
		{118F5CE6-0E1A-4272-BB03-15578EFDD970}.Debug|Any CPU.ActiveCfg = Debug|Any CPU
		{118F5CE6-0E1A-4272-BB03-15578EFDD970}.Debug|Any CPU.Build.0 = Debug|Any CPU
		{118F5CE6-0E1A-4272-BB03-15578EFDD970}.Release|Any CPU.ActiveCfg = Release|Any CPU
		{118F5CE6-0E1A-4272-BB03-15578EFDD970}.Release|Any CPU.Build.0 = Release|Any CPU
		{839F9578-E49F-4262-BA8F-4F90B443F7B2}.Debug|Any CPU.ActiveCfg = Debug|Any CPU
		{839F9578-E49F-4262-BA8F-4F90B443F7B2}.Debug|Any CPU.Build.0 = Debug|Any CPU
		{839F9578-E49F-4262-BA8F-4F90B443F7B2}.Release|Any CPU.ActiveCfg = Release|Any CPU
		{839F9578-E49F-4262-BA8F-4F90B443F7B2}.Release|Any CPU.Build.0 = Release|Any CPU
		{DA385B71-A556-49E8-B871-F659D7640E8A}.Debug|Any CPU.ActiveCfg = Debug|Any CPU
		{DA385B71-A556-49E8-B871-F659D7640E8A}.Debug|Any CPU.Build.0 = Debug|Any CPU
		{DA385B71-A556-49E8-B871-F659D7640E8A}.Release|Any CPU.ActiveCfg = Release|Any CPU
		{DA385B71-A556-49E8-B871-F659D7640E8A}.Release|Any CPU.Build.0 = Release|Any CPU
		{FA74B88C-E50C-49AE-9794-870CDF8274C7}.Debug|Any CPU.ActiveCfg = Debug|Any CPU
		{FA74B88C-E50C-49AE-9794-870CDF8274C7}.Debug|Any CPU.Build.0 = Debug|Any CPU
		{FA74B88C-E50C-49AE-9794-870CDF8274C7}.Release|Any CPU.ActiveCfg = Release|Any CPU
		{FA74B88C-E50C-49AE-9794-870CDF8274C7}.Release|Any CPU.Build.0 = Release|Any CPU
	EndGlobalSection
	GlobalSection(SolutionProperties) = preSolution
		HideSolutionNode = FALSE
	EndGlobalSection
EndGlobal
